
Microsoft Visual Studio Solution File, Format Version 12.00
# Visual Studio Version 17
VisualStudioVersion = 17.0.31903.59
MinimumVisualStudioVersion = 10.0.40219.1
Project("{9A19103F-16F7-4668-BE54-9A1E7A4F7556}") = "CodeGeneratorHelpers.Core", "CodeGeneratorHelpers.Core\CodeGeneratorHelpers.Core.csproj", "{18863D7C-5178-4083-8E67-5B3C42EFEA7C}"
EndProject
Project("{FAE04EC0-301F-11D3-BF4B-00C04F79EFBC}") = "CodeGeneratorHelpers.Core.Tests", "CodeGeneratorHelpers.Core.Tests\CodeGeneratorHelpers.Core.Tests.csproj", "{5040E259-72EA-47D4-A155-D6C25F82BAF9}"
EndProject
Global
	GlobalSection(SolutionConfigurationPlatforms) = preSolution
		Debug|Any CPU = Debug|Any CPU
		Release|Any CPU = Release|Any CPU
	EndGlobalSection
	GlobalSection(ProjectConfigurationPlatforms) = postSolution
		{18863D7C-5178-4083-8E67-5B3C42EFEA7C}.Debug|Any CPU.ActiveCfg = Debug|Any CPU
		{18863D7C-5178-4083-8E67-5B3C42EFEA7C}.Debug|Any CPU.Build.0 = Debug|Any CPU
		{18863D7C-5178-4083-8E67-5B3C42EFEA7C}.Release|Any CPU.ActiveCfg = Release|Any CPU
		{18863D7C-5178-4083-8E67-5B3C42EFEA7C}.Release|Any CPU.Build.0 = Release|Any CPU
		{5040E259-72EA-47D4-A155-D6C25F82BAF9}.Debug|Any CPU.ActiveCfg = Debug|Any CPU
		{5040E259-72EA-47D4-A155-D6C25F82BAF9}.Debug|Any CPU.Build.0 = Debug|Any CPU
		{5040E259-72EA-47D4-A155-D6C25F82BAF9}.Release|Any CPU.ActiveCfg = Release|Any CPU
		{5040E259-72EA-47D4-A155-D6C25F82BAF9}.Release|Any CPU.Build.0 = Release|Any CPU
	EndGlobalSection
	GlobalSection(SolutionProperties) = preSolution
		HideSolutionNode = FALSE
	EndGlobalSection
	GlobalSection(ExtensibilityGlobals) = postSolution
		SolutionGuid = {7B56E027-865F-46C5-91C1-77D57C6FFC41}
	EndGlobalSection
EndGlobal
