
Microsoft Visual Studio Solution File, Format Version 12.00
# Visual Studio Version 17
VisualStudioVersion = 17.0.31903.59
MinimumVisualStudioVersion = 10.0.40219.1
Project("{9A19103F-16F7-4668-BE54-9A1E7A4F7556}") = "CodeGeneratorHelpers.Maui", "CodeGeneratorHelpers.Maui\CodeGeneratorHelpers.Maui.csproj", "{FBEE0D2B-BAFB-4BAA-99DA-DA30EDE066A0}"
EndProject
Project("{9A19103F-16F7-4668-BE54-9A1E7A4F7556}") = "CodeGeneratorHelpers.Core", "..\Core\CodeGeneratorHelpers.Core\CodeGeneratorHelpers.Core.csproj", "{6D710FDE-DE2C-438B-BD6D-25E4A6E4431D}"
EndProject
Project("{2150E333-8FDC-42A3-9474-1A3956D46DE8}") = "SingleProjectSample", "SingleProjectSample", "{BF2D6B5A-5382-4073-97ED-D1A0AD7EFCD3}"
EndProject
Project("{FAE04EC0-301F-11D3-BF4B-00C04F79EFBC}") = "MauiSingleProjectSampleGenerator", "MauiSingleProjectSampleGenerator\MauiSingleProjectSampleGenerator.csproj", "{8DA65711-1001-44A6-92E7-331548C75DE1}"
EndProject
Project("{FAE04EC0-301F-11D3-BF4B-00C04F79EFBC}") = "MauiSingleProjectSample", "MauiSingleProjectSample\MauiSingleProjectSample.csproj", "{0CBA3EDD-3E42-45AC-B654-294D02E8C1B1}"
EndProject
Global
	GlobalSection(SolutionConfigurationPlatforms) = preSolution
		Debug|Any CPU = Debug|Any CPU
		Release|Any CPU = Release|Any CPU
	EndGlobalSection
	GlobalSection(ProjectConfigurationPlatforms) = postSolution
		{FBEE0D2B-BAFB-4BAA-99DA-DA30EDE066A0}.Debug|Any CPU.ActiveCfg = Debug|Any CPU
		{FBEE0D2B-BAFB-4BAA-99DA-DA30EDE066A0}.Debug|Any CPU.Build.0 = Debug|Any CPU
		{FBEE0D2B-BAFB-4BAA-99DA-DA30EDE066A0}.Release|Any CPU.ActiveCfg = Release|Any CPU
		{FBEE0D2B-BAFB-4BAA-99DA-DA30EDE066A0}.Release|Any CPU.Build.0 = Release|Any CPU
		{6D710FDE-DE2C-438B-BD6D-25E4A6E4431D}.Debug|Any CPU.ActiveCfg = Debug|Any CPU
		{6D710FDE-DE2C-438B-BD6D-25E4A6E4431D}.Debug|Any CPU.Build.0 = Debug|Any CPU
		{6D710FDE-DE2C-438B-BD6D-25E4A6E4431D}.Release|Any CPU.ActiveCfg = Release|Any CPU
		{6D710FDE-DE2C-438B-BD6D-25E4A6E4431D}.Release|Any CPU.Build.0 = Release|Any CPU
		{8DA65711-1001-44A6-92E7-331548C75DE1}.Debug|Any CPU.ActiveCfg = Debug|Any CPU
		{8DA65711-1001-44A6-92E7-331548C75DE1}.Debug|Any CPU.Build.0 = Debug|Any CPU
		{8DA65711-1001-44A6-92E7-331548C75DE1}.Release|Any CPU.ActiveCfg = Release|Any CPU
		{8DA65711-1001-44A6-92E7-331548C75DE1}.Release|Any CPU.Build.0 = Release|Any CPU
		{0CBA3EDD-3E42-45AC-B654-294D02E8C1B1}.Debug|Any CPU.ActiveCfg = Debug|Any CPU
		{0CBA3EDD-3E42-45AC-B654-294D02E8C1B1}.Debug|Any CPU.Build.0 = Debug|Any CPU
		{0CBA3EDD-3E42-45AC-B654-294D02E8C1B1}.Release|Any CPU.ActiveCfg = Release|Any CPU
		{0CBA3EDD-3E42-45AC-B654-294D02E8C1B1}.Release|Any CPU.Build.0 = Release|Any CPU
	EndGlobalSection
	GlobalSection(SolutionProperties) = preSolution
		HideSolutionNode = FALSE
	EndGlobalSection
	GlobalSection(NestedProjects) = preSolution
		{8DA65711-1001-44A6-92E7-331548C75DE1} = {BF2D6B5A-5382-4073-97ED-D1A0AD7EFCD3}
	EndGlobalSection
	GlobalSection(ExtensibilityGlobals) = postSolution
		SolutionGuid = {99EDE37B-6919-467B-80C8-6FEA10F5EEFF}
	EndGlobalSection
EndGlobal
