
Microsoft Visual Studio Solution File, Format Version 12.00
# Visual Studio Version 17
VisualStudioVersion = 17.0.31903.59
MinimumVisualStudioVersion = 10.0.40219.1
Project("{9A19103F-16F7-4668-BE54-9A1E7A4F7556}") = "CodeGeneratorHelpers.Maui", "CodeGeneratorHelpers.Maui\CodeGeneratorHelpers.Maui.csproj", "{FBEE0D2B-BAFB-4BAA-99DA-DA30EDE066A0}"
EndProject
Project("{9A19103F-16F7-4668-BE54-9A1E7A4F7556}") = "CodeGeneratorHelpers.Core", "..\Core\CodeGeneratorHelpers.Core\CodeGeneratorHelpers.Core.csproj", "{6D710FDE-DE2C-438B-BD6D-25E4A6E4431D}"
EndProject
Global
	GlobalSection(SolutionConfigurationPlatforms) = preSolution
		Debug|Any CPU = Debug|Any CPU
		Release|Any CPU = Release|Any CPU
	EndGlobalSection
	GlobalSection(ProjectConfigurationPlatforms) = postSolution
		{FBEE0D2B-BAFB-4BAA-99DA-DA30EDE066A0}.Debug|Any CPU.ActiveCfg = Debug|Any CPU
		{FBEE0D2B-BAFB-4BAA-99DA-DA30EDE066A0}.Debug|Any CPU.Build.0 = Debug|Any CPU
		{FBEE0D2B-BAFB-4BAA-99DA-DA30EDE066A0}.Release|Any CPU.ActiveCfg = Release|Any CPU
		{FBEE0D2B-BAFB-4BAA-99DA-DA30EDE066A0}.Release|Any CPU.Build.0 = Release|Any CPU
		{6D710FDE-DE2C-438B-BD6D-25E4A6E4431D}.Debug|Any CPU.ActiveCfg = Debug|Any CPU
		{6D710FDE-DE2C-438B-BD6D-25E4A6E4431D}.Debug|Any CPU.Build.0 = Debug|Any CPU
		{6D710FDE-DE2C-438B-BD6D-25E4A6E4431D}.Release|Any CPU.ActiveCfg = Release|Any CPU
		{6D710FDE-DE2C-438B-BD6D-25E4A6E4431D}.Release|Any CPU.Build.0 = Release|Any CPU
	EndGlobalSection
	GlobalSection(SolutionProperties) = preSolution
		HideSolutionNode = FALSE
	EndGlobalSection
	GlobalSection(ExtensibilityGlobals) = postSolution
		SolutionGuid = {99EDE37B-6919-467B-80C8-6FEA10F5EEFF}
	EndGlobalSection
EndGlobal
